// !$*UTF8*$!
{
	archiveVersion = 1;
	classes = {
	};
	objectVersion = 55;
	objects = {

/* Begin PBXBuildFile section */
		98E9EA9D27B557BD0020EF38 /* AppDelegate.swift in Sources */ = {isa = PBXBuildFile; fileRef = 98E9EA9C27B557BD0020EF38 /* AppDelegate.swift */; };
		98E9EA9F27B557BD0020EF38 /* SceneDelegate.swift in Sources */ = {isa = PBXBuildFile; fileRef = 98E9EA9E27B557BD0020EF38 /* SceneDelegate.swift */; };
		98E9EAA127B557BD0020EF38 /* MenuViewController.swift in Sources */ = {isa = PBXBuildFile; fileRef = 98E9EAA027B557BD0020EF38 /* MenuViewController.swift */; };
		98E9EAA427B557BD0020EF38 /* MenuGeneral.storyboard in Resources */ = {isa = PBXBuildFile; fileRef = 98E9EAA227B557BD0020EF38 /* MenuGeneral.storyboard */; };
		98E9EAA627B557BE0020EF38 /* Assets.xcassets in Resources */ = {isa = PBXBuildFile; fileRef = 98E9EAA527B557BE0020EF38 /* Assets.xcassets */; };
		98E9EAA927B557BE0020EF38 /* LaunchScreen.storyboard in Resources */ = {isa = PBXBuildFile; fileRef = 98E9EAA727B557BE0020EF38 /* LaunchScreen.storyboard */; };
		98E9EAB127B5586B0020EF38 /* .gitignore in Resources */ = {isa = PBXBuildFile; fileRef = 98E9EAB027B5586B0020EF38 /* .gitignore */; };
		98E9EB0A27B59D970020EF38 /* MenuCell.swift in Sources */ = {isa = PBXBuildFile; fileRef = 98E9EB0927B59D970020EF38 /* MenuCell.swift */; };
		98E9EB0D27B5A0CC0020EF38 /* Menu.swift in Sources */ = {isa = PBXBuildFile; fileRef = 98E9EB0C27B5A0CC0020EF38 /* Menu.swift */; };
		98E9EB1027B5A33D0020EF38 /* NetworkService.swift in Sources */ = {isa = PBXBuildFile; fileRef = 98E9EB0F27B5A33D0020EF38 /* NetworkService.swift */; };
		98E9EB1327B5A4BB0020EF38 /* MenuNetworkService.swift in Sources */ = {isa = PBXBuildFile; fileRef = 98E9EB1227B5A4BB0020EF38 /* MenuNetworkService.swift */; };
		98E9EB1627B5A5070020EF38 /* GetMenuResponse.swift in Sources */ = {isa = PBXBuildFile; fileRef = 98E9EB1527B5A5070020EF38 /* GetMenuResponse.swift */; };
		98E9EB1827B5A5830020EF38 /* NetworkError.swift in Sources */ = {isa = PBXBuildFile; fileRef = 98E9EB1727B5A5830020EF38 /* NetworkError.swift */; };
		98E9EB1A27B743BD0020EF38 /* First sceneViewController.swift in Sources */ = {isa = PBXBuildFile; fileRef = 98E9EB1927B743BD0020EF38 /* First sceneViewController.swift */; };
		98E9EB1C27B838720020EF38 /* UserDefault.swift in Sources */ = {isa = PBXBuildFile; fileRef = 98E9EB1B27B838720020EF38 /* UserDefault.swift */; };
/* End PBXBuildFile section */

/* Begin PBXFileReference section */
		98E9EA9927B557BD0020EF38 /* PeretzV3.app */ = {isa = PBXFileReference; explicitFileType = wrapper.application; includeInIndex = 0; path = PeretzV3.app; sourceTree = BUILT_PRODUCTS_DIR; };
		98E9EA9C27B557BD0020EF38 /* AppDelegate.swift */ = {isa = PBXFileReference; lastKnownFileType = sourcecode.swift; path = AppDelegate.swift; sourceTree = "<group>"; };
		98E9EA9E27B557BD0020EF38 /* SceneDelegate.swift */ = {isa = PBXFileReference; lastKnownFileType = sourcecode.swift; path = SceneDelegate.swift; sourceTree = "<group>"; };
		98E9EAA027B557BD0020EF38 /* MenuViewController.swift */ = {isa = PBXFileReference; lastKnownFileType = sourcecode.swift; path = MenuViewController.swift; sourceTree = "<group>"; };
		98E9EAA327B557BD0020EF38 /* Base */ = {isa = PBXFileReference; lastKnownFileType = file.storyboard; name = Base; path = Base.lproj/MenuGeneral.storyboard; sourceTree = "<group>"; };
		98E9EAA527B557BE0020EF38 /* Assets.xcassets */ = {isa = PBXFileReference; lastKnownFileType = folder.assetcatalog; path = Assets.xcassets; sourceTree = "<group>"; };
		98E9EAA827B557BE0020EF38 /* Base */ = {isa = PBXFileReference; lastKnownFileType = file.storyboard; name = Base; path = Base.lproj/LaunchScreen.storyboard; sourceTree = "<group>"; };
		98E9EAAA27B557BE0020EF38 /* Info.plist */ = {isa = PBXFileReference; lastKnownFileType = text.plist.xml; path = Info.plist; sourceTree = "<group>"; };
		98E9EAB027B5586B0020EF38 /* .gitignore */ = {isa = PBXFileReference; lastKnownFileType = text; path = .gitignore; sourceTree = "<group>"; };
		98E9EB0927B59D970020EF38 /* MenuCell.swift */ = {isa = PBXFileReference; lastKnownFileType = sourcecode.swift; path = MenuCell.swift; sourceTree = "<group>"; };
		98E9EB0C27B5A0CC0020EF38 /* Menu.swift */ = {isa = PBXFileReference; lastKnownFileType = sourcecode.swift; path = Menu.swift; sourceTree = "<group>"; };
		98E9EB0F27B5A33D0020EF38 /* NetworkService.swift */ = {isa = PBXFileReference; lastKnownFileType = sourcecode.swift; path = NetworkService.swift; sourceTree = "<group>"; };
		98E9EB1227B5A4BB0020EF38 /* MenuNetworkService.swift */ = {isa = PBXFileReference; lastKnownFileType = sourcecode.swift; path = MenuNetworkService.swift; sourceTree = "<group>"; };
		98E9EB1527B5A5070020EF38 /* GetMenuResponse.swift */ = {isa = PBXFileReference; lastKnownFileType = sourcecode.swift; path = GetMenuResponse.swift; sourceTree = "<group>"; };
		98E9EB1727B5A5830020EF38 /* NetworkError.swift */ = {isa = PBXFileReference; lastKnownFileType = sourcecode.swift; path = NetworkError.swift; sourceTree = "<group>"; };
		98E9EB1927B743BD0020EF38 /* First sceneViewController.swift */ = {isa = PBXFileReference; lastKnownFileType = sourcecode.swift; path = "First sceneViewController.swift"; sourceTree = "<group>"; };
		98E9EB1B27B838720020EF38 /* UserDefault.swift */ = {isa = PBXFileReference; lastKnownFileType = sourcecode.swift; path = UserDefault.swift; sourceTree = "<group>"; };
/* End PBXFileReference section */

/* Begin PBXFrameworksBuildPhase section */
		98E9EA9627B557BD0020EF38 /* Frameworks */ = {
			isa = PBXFrameworksBuildPhase;
			buildActionMask = 2147483647;
			files = (
			);
			runOnlyForDeploymentPostprocessing = 0;
		};
/* End PBXFrameworksBuildPhase section */

/* Begin PBXGroup section */
		98E9EA9027B557BD0020EF38 = {
			isa = PBXGroup;
			children = (
				98E9EAB027B5586B0020EF38 /* .gitignore */,
				98E9EA9B27B557BD0020EF38 /* PeretzV3 */,
				98E9EA9A27B557BD0020EF38 /* Products */,
			);
			sourceTree = "<group>";
		};
		98E9EA9A27B557BD0020EF38 /* Products */ = {
			isa = PBXGroup;
			children = (
				98E9EA9927B557BD0020EF38 /* PeretzV3.app */,
			);
			name = Products;
			sourceTree = "<group>";
		};
		98E9EA9B27B557BD0020EF38 /* PeretzV3 */ = {
			isa = PBXGroup;
			children = (
				98E9EB0327B58A4C0020EF38 /* Application */,
				98E9EB0E27B5A3230020EF38 /* NetworkService */,
				98E9EB0427B58A5C0020EF38 /* Menu */,
				98E9EB1127B5A4930020EF38 /* MenuNetworkService */,
				98E9EB0827B58AD60020EF38 /* Support */,
			);
			path = PeretzV3;
			sourceTree = "<group>";
		};
		98E9EB0027B58A2C0020EF38 /* Model */ = {
			isa = PBXGroup;
			children = (
				98E9EB1727B5A5830020EF38 /* NetworkError.swift */,
			);
			path = Model;
			sourceTree = "<group>";
		};
		98E9EB0127B58A340020EF38 /* View */ = {
			isa = PBXGroup;
			children = (
				98E9EB1927B743BD0020EF38 /* First sceneViewController.swift */,
				98E9EAA727B557BE0020EF38 /* LaunchScreen.storyboard */,
			);
			path = View;
			sourceTree = "<group>";
		};
		98E9EB0227B58A3B0020EF38 /* Controller */ = {
			isa = PBXGroup;
			children = (
				98E9EA9C27B557BD0020EF38 /* AppDelegate.swift */,
				98E9EA9E27B557BD0020EF38 /* SceneDelegate.swift */,
			);
			path = Controller;
			sourceTree = "<group>";
		};
		98E9EB0327B58A4C0020EF38 /* Application */ = {
			isa = PBXGroup;
			children = (
				98E9EB0027B58A2C0020EF38 /* Model */,
				98E9EB0127B58A340020EF38 /* View */,
				98E9EB0227B58A3B0020EF38 /* Controller */,
			);
			path = Application;
			sourceTree = "<group>";
		};
		98E9EB0427B58A5C0020EF38 /* Menu */ = {
			isa = PBXGroup;
			children = (
				98E9EB1427B5A4F10020EF38 /* GetMenuResponse */,
				98E9EB0727B58A810020EF38 /* Model */,
				98E9EB0527B58A810020EF38 /* View */,
				98E9EB0627B58A810020EF38 /* Controller */,
			);
			path = Menu;
			sourceTree = "<group>";
		};
		98E9EB0527B58A810020EF38 /* View */ = {
			isa = PBXGroup;
			children = (
				98E9EAA227B557BD0020EF38 /* MenuGeneral.storyboard */,
				98E9EB0927B59D970020EF38 /* MenuCell.swift */,
			);
			path = View;
			sourceTree = "<group>";
		};
		98E9EB0627B58A810020EF38 /* Controller */ = {
			isa = PBXGroup;
			children = (
				98E9EAA027B557BD0020EF38 /* MenuViewController.swift */,
			);
			path = Controller;
			sourceTree = "<group>";
		};
		98E9EB0727B58A810020EF38 /* Model */ = {
			isa = PBXGroup;
			children = (
				98E9EB1B27B838720020EF38 /* UserDefault.swift */,
				98E9EB0C27B5A0CC0020EF38 /* Menu.swift */,
			);
			path = Model;
			sourceTree = "<group>";
		};
		98E9EB0827B58AD60020EF38 /* Support */ = {
			isa = PBXGroup;
			children = (
				98E9EAA527B557BE0020EF38 /* Assets.xcassets */,
				98E9EAAA27B557BE0020EF38 /* Info.plist */,
			);
			path = Support;
			sourceTree = "<group>";
		};
		98E9EB0E27B5A3230020EF38 /* NetworkService */ = {
			isa = PBXGroup;
			children = (
				98E9EB0F27B5A33D0020EF38 /* NetworkService.swift */,
			);
			path = NetworkService;
			sourceTree = "<group>";
		};
		98E9EB1127B5A4930020EF38 /* MenuNetworkService */ = {
			isa = PBXGroup;
			children = (
				98E9EB1227B5A4BB0020EF38 /* MenuNetworkService.swift */,
			);
			path = MenuNetworkService;
			sourceTree = "<group>";
		};
		98E9EB1427B5A4F10020EF38 /* GetMenuResponse */ = {
			isa = PBXGroup;
			children = (
				98E9EB1527B5A5070020EF38 /* GetMenuResponse.swift */,
			);
			path = GetMenuResponse;
			sourceTree = "<group>";
		};
/* End PBXGroup section */

/* Begin PBXNativeTarget section */
		98E9EA9827B557BD0020EF38 /* PeretzV3 */ = {
			isa = PBXNativeTarget;
			buildConfigurationList = 98E9EAAD27B557BE0020EF38 /* Build configuration list for PBXNativeTarget "PeretzV3" */;
			buildPhases = (
				98E9EA9527B557BD0020EF38 /* Sources */,
				98E9EA9627B557BD0020EF38 /* Frameworks */,
				98E9EA9727B557BD0020EF38 /* Resources */,
			);
			buildRules = (
			);
			dependencies = (
			);
			name = PeretzV3;
			productName = PeretzV3;
			productReference = 98E9EA9927B557BD0020EF38 /* PeretzV3.app */;
			productType = "com.apple.product-type.application";
		};
/* End PBXNativeTarget section */

/* Begin PBXProject section */
		98E9EA9127B557BD0020EF38 /* Project object */ = {
			isa = PBXProject;
			attributes = {
				BuildIndependentTargetsInParallel = 1;
				LastSwiftUpdateCheck = 1320;
				LastUpgradeCheck = 1320;
				TargetAttributes = {
					98E9EA9827B557BD0020EF38 = {
						CreatedOnToolsVersion = 13.2.1;
					};
				};
			};
			buildConfigurationList = 98E9EA9427B557BD0020EF38 /* Build configuration list for PBXProject "PeretzV3" */;
			compatibilityVersion = "Xcode 13.0";
			developmentRegion = en;
			hasScannedForEncodings = 0;
			knownRegions = (
				en,
				Base,
			);
			mainGroup = 98E9EA9027B557BD0020EF38;
			productRefGroup = 98E9EA9A27B557BD0020EF38 /* Products */;
			projectDirPath = "";
			projectRoot = "";
			targets = (
				98E9EA9827B557BD0020EF38 /* PeretzV3 */,
			);
		};
/* End PBXProject section */

/* Begin PBXResourcesBuildPhase section */
		98E9EA9727B557BD0020EF38 /* Resources */ = {
			isa = PBXResourcesBuildPhase;
			buildActionMask = 2147483647;
			files = (
				98E9EAB127B5586B0020EF38 /* .gitignore in Resources */,
				98E9EAA927B557BE0020EF38 /* LaunchScreen.storyboard in Resources */,
				98E9EAA627B557BE0020EF38 /* Assets.xcassets in Resources */,
				98E9EAA427B557BD0020EF38 /* MenuGeneral.storyboard in Resources */,
			);
			runOnlyForDeploymentPostprocessing = 0;
		};
/* End PBXResourcesBuildPhase section */

/* Begin PBXSourcesBuildPhase section */
		98E9EA9527B557BD0020EF38 /* Sources */ = {
			isa = PBXSourcesBuildPhase;
			buildActionMask = 2147483647;
			files = (
				98E9EAA127B557BD0020EF38 /* MenuViewController.swift in Sources */,
				98E9EB1A27B743BD0020EF38 /* First sceneViewController.swift in Sources */,
				98E9EA9D27B557BD0020EF38 /* AppDelegate.swift in Sources */,
				98E9EB1C27B838720020EF38 /* UserDefault.swift in Sources */,
				98E9EB0A27B59D970020EF38 /* MenuCell.swift in Sources */,
				98E9EB1327B5A4BB0020EF38 /* MenuNetworkService.swift in Sources */,
				98E9EB1627B5A5070020EF38 /* GetMenuResponse.swift in Sources */,
				98E9EA9F27B557BD0020EF38 /* SceneDelegate.swift in Sources */,
				98E9EB1827B5A5830020EF38 /* NetworkError.swift in Sources */,
				98E9EB1027B5A33D0020EF38 /* NetworkService.swift in Sources */,
				98E9EB0D27B5A0CC0020EF38 /* Menu.swift in Sources */,
			);
			runOnlyForDeploymentPostprocessing = 0;
		};
/* End PBXSourcesBuildPhase section */

/* Begin PBXVariantGroup section */
		98E9EAA227B557BD0020EF38 /* MenuGeneral.storyboard */ = {
			isa = PBXVariantGroup;
			children = (
				98E9EAA327B557BD0020EF38 /* Base */,
			);
			name = MenuGeneral.storyboard;
			sourceTree = "<group>";
		};
		98E9EAA727B557BE0020EF38 /* LaunchScreen.storyboard */ = {
			isa = PBXVariantGroup;
			children = (
				98E9EAA827B557BE0020EF38 /* Base */,
			);
			name = LaunchScreen.storyboard;
			sourceTree = "<group>";
		};
/* End PBXVariantGroup section */

/* Begin XCBuildConfiguration section */
		98E9EAAB27B557BE0020EF38 /* Debug */ = {
			isa = XCBuildConfiguration;
			buildSettings = {
				ALWAYS_SEARCH_USER_PATHS = NO;
				CLANG_ANALYZER_NONNULL = YES;
				CLANG_ANALYZER_NUMBER_OBJECT_CONVERSION = YES_AGGRESSIVE;
				CLANG_CXX_LANGUAGE_STANDARD = "gnu++17";
				CLANG_CXX_LIBRARY = "libc++";
				CLANG_ENABLE_MODULES = YES;
				CLANG_ENABLE_OBJC_ARC = YES;
				CLANG_ENABLE_OBJC_WEAK = YES;
				CLANG_WARN_BLOCK_CAPTURE_AUTORELEASING = YES;
				CLANG_WARN_BOOL_CONVERSION = YES;
				CLANG_WARN_COMMA = YES;
				CLANG_WARN_CONSTANT_CONVERSION = YES;
				CLANG_WARN_DEPRECATED_OBJC_IMPLEMENTATIONS = YES;
				CLANG_WARN_DIRECT_OBJC_ISA_USAGE = YES_ERROR;
				CLANG_WARN_DOCUMENTATION_COMMENTS = YES;
				CLANG_WARN_EMPTY_BODY = YES;
				CLANG_WARN_ENUM_CONVERSION = YES;
				CLANG_WARN_INFINITE_RECURSION = YES;
				CLANG_WARN_INT_CONVERSION = YES;
				CLANG_WARN_NON_LITERAL_NULL_CONVERSION = YES;
				CLANG_WARN_OBJC_IMPLICIT_RETAIN_SELF = YES;
				CLANG_WARN_OBJC_LITERAL_CONVERSION = YES;
				CLANG_WARN_OBJC_ROOT_CLASS = YES_ERROR;
				CLANG_WARN_QUOTED_INCLUDE_IN_FRAMEWORK_HEADER = YES;
				CLANG_WARN_RANGE_LOOP_ANALYSIS = YES;
				CLANG_WARN_STRICT_PROTOTYPES = YES;
				CLANG_WARN_SUSPICIOUS_MOVE = YES;
				CLANG_WARN_UNGUARDED_AVAILABILITY = YES_AGGRESSIVE;
				CLANG_WARN_UNREACHABLE_CODE = YES;
				CLANG_WARN__DUPLICATE_METHOD_MATCH = YES;
				COPY_PHASE_STRIP = NO;
				DEBUG_INFORMATION_FORMAT = dwarf;
				ENABLE_STRICT_OBJC_MSGSEND = YES;
				ENABLE_TESTABILITY = YES;
				GCC_C_LANGUAGE_STANDARD = gnu11;
				GCC_DYNAMIC_NO_PIC = NO;
				GCC_NO_COMMON_BLOCKS = YES;
				GCC_OPTIMIZATION_LEVEL = 0;
				GCC_PREPROCESSOR_DEFINITIONS = (
					"DEBUG=1",
					"$(inherited)",
				);
				GCC_WARN_64_TO_32_BIT_CONVERSION = YES;
				GCC_WARN_ABOUT_RETURN_TYPE = YES_ERROR;
				GCC_WARN_UNDECLARED_SELECTOR = YES;
				GCC_WARN_UNINITIALIZED_AUTOS = YES_AGGRESSIVE;
				GCC_WARN_UNUSED_FUNCTION = YES;
				GCC_WARN_UNUSED_VARIABLE = YES;
				IPHONEOS_DEPLOYMENT_TARGET = 15.2;
				MTL_ENABLE_DEBUG_INFO = INCLUDE_SOURCE;
				MTL_FAST_MATH = YES;
				ONLY_ACTIVE_ARCH = YES;
				SDKROOT = iphoneos;
				SWIFT_ACTIVE_COMPILATION_CONDITIONS = DEBUG;
				SWIFT_OPTIMIZATION_LEVEL = "-Onone";
			};
			name = Debug;
		};
		98E9EAAC27B557BE0020EF38 /* Release */ = {
			isa = XCBuildConfiguration;
			buildSettings = {
				ALWAYS_SEARCH_USER_PATHS = NO;
				CLANG_ANALYZER_NONNULL = YES;
				CLANG_ANALYZER_NUMBER_OBJECT_CONVERSION = YES_AGGRESSIVE;
				CLANG_CXX_LANGUAGE_STANDARD = "gnu++17";
				CLANG_CXX_LIBRARY = "libc++";
				CLANG_ENABLE_MODULES = YES;
				CLANG_ENABLE_OBJC_ARC = YES;
				CLANG_ENABLE_OBJC_WEAK = YES;
				CLANG_WARN_BLOCK_CAPTURE_AUTORELEASING = YES;
				CLANG_WARN_BOOL_CONVERSION = YES;
				CLANG_WARN_COMMA = YES;
				CLANG_WARN_CONSTANT_CONVERSION = YES;
				CLANG_WARN_DEPRECATED_OBJC_IMPLEMENTATIONS = YES;
				CLANG_WARN_DIRECT_OBJC_ISA_USAGE = YES_ERROR;
				CLANG_WARN_DOCUMENTATION_COMMENTS = YES;
				CLANG_WARN_EMPTY_BODY = YES;
				CLANG_WARN_ENUM_CONVERSION = YES;
				CLANG_WARN_INFINITE_RECURSION = YES;
				CLANG_WARN_INT_CONVERSION = YES;
				CLANG_WARN_NON_LITERAL_NULL_CONVERSION = YES;
				CLANG_WARN_OBJC_IMPLICIT_RETAIN_SELF = YES;
				CLANG_WARN_OBJC_LITERAL_CONVERSION = YES;
				CLANG_WARN_OBJC_ROOT_CLASS = YES_ERROR;
				CLANG_WARN_QUOTED_INCLUDE_IN_FRAMEWORK_HEADER = YES;
				CLANG_WARN_RANGE_LOOP_ANALYSIS = YES;
				CLANG_WARN_STRICT_PROTOTYPES = YES;
				CLANG_WARN_SUSPICIOUS_MOVE = YES;
				CLANG_WARN_UNGUARDED_AVAILABILITY = YES_AGGRESSIVE;
				CLANG_WARN_UNREACHABLE_CODE = YES;
				CLANG_WARN__DUPLICATE_METHOD_MATCH = YES;
				COPY_PHASE_STRIP = NO;
				DEBUG_INFORMATION_FORMAT = "dwarf-with-dsym";
				ENABLE_NS_ASSERTIONS = NO;
				ENABLE_STRICT_OBJC_MSGSEND = YES;
				GCC_C_LANGUAGE_STANDARD = gnu11;
				GCC_NO_COMMON_BLOCKS = YES;
				GCC_WARN_64_TO_32_BIT_CONVERSION = YES;
				GCC_WARN_ABOUT_RETURN_TYPE = YES_ERROR;
				GCC_WARN_UNDECLARED_SELECTOR = YES;
				GCC_WARN_UNINITIALIZED_AUTOS = YES_AGGRESSIVE;
				GCC_WARN_UNUSED_FUNCTION = YES;
				GCC_WARN_UNUSED_VARIABLE = YES;
				IPHONEOS_DEPLOYMENT_TARGET = 15.2;
				MTL_ENABLE_DEBUG_INFO = NO;
				MTL_FAST_MATH = YES;
				SDKROOT = iphoneos;
				SWIFT_COMPILATION_MODE = wholemodule;
				SWIFT_OPTIMIZATION_LEVEL = "-O";
				VALIDATE_PRODUCT = YES;
			};
			name = Release;
		};
		98E9EAAE27B557BE0020EF38 /* Debug */ = {
			isa = XCBuildConfiguration;
			buildSettings = {
				ASSETCATALOG_COMPILER_APPICON_NAME = AppIcon;
				ASSETCATALOG_COMPILER_GLOBAL_ACCENT_COLOR_NAME = AccentColor;
				CODE_SIGN_STYLE = Automatic;
				CURRENT_PROJECT_VERSION = 1;
				GENERATE_INFOPLIST_FILE = YES;
				INFOPLIST_FILE = PeretzV3/Support/Info.plist;
				INFOPLIST_KEY_UIApplicationSupportsIndirectInputEvents = YES;
				INFOPLIST_KEY_UILaunchStoryboardName = LaunchScreen;
				INFOPLIST_KEY_UIMainStoryboardFile = MenuGeneral;
				INFOPLIST_KEY_UISupportedInterfaceOrientations_iPad = "UIInterfaceOrientationPortrait UIInterfaceOrientationPortraitUpsideDown UIInterfaceOrientationLandscapeLeft UIInterfaceOrientationLandscapeRight";
				INFOPLIST_KEY_UISupportedInterfaceOrientations_iPhone = "UIInterfaceOrientationPortrait UIInterfaceOrientationLandscapeLeft UIInterfaceOrientationLandscapeRight";
				LD_RUNPATH_SEARCH_PATHS = (
					"$(inherited)",
					"@executable_path/Frameworks",
				);
				MARKETING_VERSION = 1.0;
				PRODUCT_BUNDLE_IDENTIFIER = togr1.PeretzV3;
				PRODUCT_NAME = "$(TARGET_NAME)";
				SWIFT_EMIT_LOC_STRINGS = YES;
				SWIFT_VERSION = 5.0;
				TARGETED_DEVICE_FAMILY = "1,2";
			};
			name = Debug;
		};
		98E9EAAF27B557BE0020EF38 /* Release */ = {
			isa = XCBuildConfiguration;
			buildSettings = {
				ASSETCATALOG_COMPILER_APPICON_NAME = AppIcon;
				ASSETCATALOG_COMPILER_GLOBAL_ACCENT_COLOR_NAME = AccentColor;
				CODE_SIGN_STYLE = Automatic;
				CURRENT_PROJECT_VERSION = 1;
				GENERATE_INFOPLIST_FILE = YES;
				INFOPLIST_FILE = PeretzV3/Support/Info.plist;
				INFOPLIST_KEY_UIApplicationSupportsIndirectInputEvents = YES;
				INFOPLIST_KEY_UILaunchStoryboardName = LaunchScreen;
				INFOPLIST_KEY_UIMainStoryboardFile = MenuGeneral;
				INFOPLIST_KEY_UISupportedInterfaceOrientations_iPad = "UIInterfaceOrientationPortrait UIInterfaceOrientationPortraitUpsideDown UIInterfaceOrientationLandscapeLeft UIInterfaceOrientationLandscapeRight";
				INFOPLIST_KEY_UISupportedInterfaceOrientations_iPhone = "UIInterfaceOrientationPortrait UIInterfaceOrientationLandscapeLeft UIInterfaceOrientationLandscapeRight";
				LD_RUNPATH_SEARCH_PATHS = (
					"$(inherited)",
					"@executable_path/Frameworks",
				);
				MARKETING_VERSION = 1.0;
				PRODUCT_BUNDLE_IDENTIFIER = togr1.PeretzV3;
				PRODUCT_NAME = "$(TARGET_NAME)";
				SWIFT_EMIT_LOC_STRINGS = YES;
				SWIFT_VERSION = 5.0;
				TARGETED_DEVICE_FAMILY = "1,2";
			};
			name = Release;
		};
/* End XCBuildConfiguration section */

/* Begin XCConfigurationList section */
		98E9EA9427B557BD0020EF38 /* Build configuration list for PBXProject "PeretzV3" */ = {
			isa = XCConfigurationList;
			buildConfigurations = (
				98E9EAAB27B557BE0020EF38 /* Debug */,
				98E9EAAC27B557BE0020EF38 /* Release */,
			);
			defaultConfigurationIsVisible = 0;
			defaultConfigurationName = Release;
		};
		98E9EAAD27B557BE0020EF38 /* Build configuration list for PBXNativeTarget "PeretzV3" */ = {
			isa = XCConfigurationList;
			buildConfigurations = (
				98E9EAAE27B557BE0020EF38 /* Debug */,
				98E9EAAF27B557BE0020EF38 /* Release */,
			);
			defaultConfigurationIsVisible = 0;
			defaultConfigurationName = Release;
		};
/* End XCConfigurationList section */
	};
	rootObject = 98E9EA9127B557BD0020EF38 /* Project object */;
}
